
Microsoft Visual Studio Solution File, Format Version 12.00
# Visual Studio Version 16
VisualStudioVersion = 16.0.31025.194
MinimumVisualStudioVersion = 10.0.40219.1
Project("{FAE04EC0-301F-11D3-BF4B-00C04F79EFBC}") = "BuilderPattern", "BuilderPattern\BuilderPattern.csproj", "{789E9175-E6FF-4632-B6A1-C661D8FC40BB}"
EndProject
Global
	GlobalSection(SolutionConfigurationPlatforms) = preSolution
		Debug|Any CPU = Debug|Any CPU
		Release|Any CPU = Release|Any CPU
	EndGlobalSection
	GlobalSection(ProjectConfigurationPlatforms) = postSolution
		{789E9175-E6FF-4632-B6A1-C661D8FC40BB}.Debug|Any CPU.ActiveCfg = Debug|Any CPU
		{789E9175-E6FF-4632-B6A1-C661D8FC40BB}.Debug|Any CPU.Build.0 = Debug|Any CPU
		{789E9175-E6FF-4632-B6A1-C661D8FC40BB}.Release|Any CPU.ActiveCfg = Release|Any CPU
		{789E9175-E6FF-4632-B6A1-C661D8FC40BB}.Release|Any CPU.Build.0 = Release|Any CPU
	EndGlobalSection
	GlobalSection(SolutionProperties) = preSolution
		HideSolutionNode = FALSE
	EndGlobalSection
	GlobalSection(ExtensibilityGlobals) = postSolution
		SolutionGuid = {05A0A46A-DF5F-4B52-8E8A-B04BF5CD32FF}
	EndGlobalSection
EndGlobal
