
Microsoft Visual Studio Solution File, Format Version 12.00
# Visual Studio Version 16
VisualStudioVersion = 16.0.31025.194
MinimumVisualStudioVersion = 10.0.40219.1
Project("{FAE04EC0-301F-11D3-BF4B-00C04F79EFBC}") = "SingletonPattern", "SingletonPattern\SingletonPattern.csproj", "{481C72BD-0ED3-44E3-8B34-32859A4A37F5}"
EndProject
Global
	GlobalSection(SolutionConfigurationPlatforms) = preSolution
		Debug|Any CPU = Debug|Any CPU
		Release|Any CPU = Release|Any CPU
	EndGlobalSection
	GlobalSection(ProjectConfigurationPlatforms) = postSolution
		{481C72BD-0ED3-44E3-8B34-32859A4A37F5}.Debug|Any CPU.ActiveCfg = Debug|Any CPU
		{481C72BD-0ED3-44E3-8B34-32859A4A37F5}.Debug|Any CPU.Build.0 = Debug|Any CPU
		{481C72BD-0ED3-44E3-8B34-32859A4A37F5}.Release|Any CPU.ActiveCfg = Release|Any CPU
		{481C72BD-0ED3-44E3-8B34-32859A4A37F5}.Release|Any CPU.Build.0 = Release|Any CPU
	EndGlobalSection
	GlobalSection(SolutionProperties) = preSolution
		HideSolutionNode = FALSE
	EndGlobalSection
	GlobalSection(ExtensibilityGlobals) = postSolution
		SolutionGuid = {B24CB662-70D6-4A85-B54E-6736B65BE578}
	EndGlobalSection
EndGlobal
