
Microsoft Visual Studio Solution File, Format Version 12.00
# Visual Studio Version 16
VisualStudioVersion = 16.0.31025.194
MinimumVisualStudioVersion = 10.0.40219.1
Project("{FAE04EC0-301F-11D3-BF4B-00C04F79EFBC}") = "BridgePattern", "BridgePattern\BridgePattern.csproj", "{02BF67F1-ABEC-489B-9093-7C323FD00F99}"
EndProject
Global
	GlobalSection(SolutionConfigurationPlatforms) = preSolution
		Debug|Any CPU = Debug|Any CPU
		Release|Any CPU = Release|Any CPU
	EndGlobalSection
	GlobalSection(ProjectConfigurationPlatforms) = postSolution
		{02BF67F1-ABEC-489B-9093-7C323FD00F99}.Debug|Any CPU.ActiveCfg = Debug|Any CPU
		{02BF67F1-ABEC-489B-9093-7C323FD00F99}.Debug|Any CPU.Build.0 = Debug|Any CPU
		{02BF67F1-ABEC-489B-9093-7C323FD00F99}.Release|Any CPU.ActiveCfg = Release|Any CPU
		{02BF67F1-ABEC-489B-9093-7C323FD00F99}.Release|Any CPU.Build.0 = Release|Any CPU
	EndGlobalSection
	GlobalSection(SolutionProperties) = preSolution
		HideSolutionNode = FALSE
	EndGlobalSection
	GlobalSection(ExtensibilityGlobals) = postSolution
		SolutionGuid = {A640BBC3-05EC-4D80-BE6A-F6B28A477799}
	EndGlobalSection
EndGlobal
